{
  "name": "2jo-sota-gateway",
  "version": "1.0.0",
  "lockfileVersion": 1,
  "requires": true,
  "dependencies": {
    "node-forge": {
      "version": "1.0.0",
      "resolved": "https://registry.npmjs.org/node-forge/-/node-forge-1.0.0.tgz",
      "integrity": "sha512-ShkiiAlzSsgH1IwGlA0jybk9vQTIOLyJ9nBd0JTuP+nzADJFLY0NoDijM2zvD/JaezooGu3G2p2FNxOAK6459g=="
    }
  }
}
